
Microsoft Visual Studio Solution File, Format Version 12.00
# Visual Studio Version 17
VisualStudioVersion = 17.6.33829.357
MinimumVisualStudioVersion = 10.0.40219.1
Project("{FAE04EC0-301F-11D3-BF4B-00C04F79EFBC}") = "Saglik_Ocagi_Hasta_Takip_Sistemi", "Saglik_Ocagi_Hasta_Takip_Sistemi\Saglik_Ocagi_Hasta_Takip_Sistemi.csproj", "{03333710-192A-4C52-9D66-300FD10FD775}"
EndProject
Global
	GlobalSection(SolutionConfigurationPlatforms) = preSolution
		Debug|Any CPU = Debug|Any CPU
		Release|Any CPU = Release|Any CPU
	EndGlobalSection
	GlobalSection(ProjectConfigurationPlatforms) = postSolution
		{03333710-192A-4C52-9D66-300FD10FD775}.Debug|Any CPU.ActiveCfg = Debug|Any CPU
		{03333710-192A-4C52-9D66-300FD10FD775}.Debug|Any CPU.Build.0 = Debug|Any CPU
		{03333710-192A-4C52-9D66-300FD10FD775}.Release|Any CPU.ActiveCfg = Release|Any CPU
		{03333710-192A-4C52-9D66-300FD10FD775}.Release|Any CPU.Build.0 = Release|Any CPU
	EndGlobalSection
	GlobalSection(SolutionProperties) = preSolution
		HideSolutionNode = FALSE
	EndGlobalSection
	GlobalSection(ExtensibilityGlobals) = postSolution
		SolutionGuid = {318CFF7A-CE10-4D3D-98D6-AAF169D34C15}
	EndGlobalSection
EndGlobal
